
Microsoft Visual Studio Solution File, Format Version 12.00
# Visual Studio Version 17
VisualStudioVersion = 17.7.34031.279
MinimumVisualStudioVersion = 10.0.40219.1
Project("{FAE04EC0-301F-11D3-BF4B-00C04F79EFBC}") = "Demo.PL", "Demo.PL\Demo.PL.csproj", "{990C820A-F89E-4990-B057-94081310F974}"
EndProject
Project("{FAE04EC0-301F-11D3-BF4B-00C04F79EFBC}") = "Demo.DAL", "Demo.DAL\Demo.DAL.csproj", "{D8BEA35B-2101-412A-B493-02FA0316E646}"
EndProject
Project("{FAE04EC0-301F-11D3-BF4B-00C04F79EFBC}") = "Demo.BLL", "Demo.BLL\Demo.BLL.csproj", "{BBF70E09-AB35-4B32-B329-AAF0A185DF0F}"
EndProject
Global
	GlobalSection(SolutionConfigurationPlatforms) = preSolution
		Debug|Any CPU = Debug|Any CPU
		Release|Any CPU = Release|Any CPU
	EndGlobalSection
	GlobalSection(ProjectConfigurationPlatforms) = postSolution
		{990C820A-F89E-4990-B057-94081310F974}.Debug|Any CPU.ActiveCfg = Debug|Any CPU
		{990C820A-F89E-4990-B057-94081310F974}.Debug|Any CPU.Build.0 = Debug|Any CPU
		{990C820A-F89E-4990-B057-94081310F974}.Release|Any CPU.ActiveCfg = Release|Any CPU
		{990C820A-F89E-4990-B057-94081310F974}.Release|Any CPU.Build.0 = Release|Any CPU
		{D8BEA35B-2101-412A-B493-02FA0316E646}.Debug|Any CPU.ActiveCfg = Debug|Any CPU
		{D8BEA35B-2101-412A-B493-02FA0316E646}.Debug|Any CPU.Build.0 = Debug|Any CPU
		{D8BEA35B-2101-412A-B493-02FA0316E646}.Release|Any CPU.ActiveCfg = Release|Any CPU
		{D8BEA35B-2101-412A-B493-02FA0316E646}.Release|Any CPU.Build.0 = Release|Any CPU
		{BBF70E09-AB35-4B32-B329-AAF0A185DF0F}.Debug|Any CPU.ActiveCfg = Debug|Any CPU
		{BBF70E09-AB35-4B32-B329-AAF0A185DF0F}.Debug|Any CPU.Build.0 = Debug|Any CPU
		{BBF70E09-AB35-4B32-B329-AAF0A185DF0F}.Release|Any CPU.ActiveCfg = Release|Any CPU
		{BBF70E09-AB35-4B32-B329-AAF0A185DF0F}.Release|Any CPU.Build.0 = Release|Any CPU
	EndGlobalSection
	GlobalSection(SolutionProperties) = preSolution
		HideSolutionNode = FALSE
	EndGlobalSection
	GlobalSection(ExtensibilityGlobals) = postSolution
		SolutionGuid = {26B5E55B-F534-4EF9-92BE-E4D6FDFD9F67}
	EndGlobalSection
EndGlobal
